
Microsoft Visual Studio Solution File, Format Version 12.00
# Visual Studio Version 17
VisualStudioVersion = 17.1.32228.430
MinimumVisualStudioVersion = 10.0.40219.1
Project("{FAE04EC0-301F-11D3-BF4B-00C04F79EFBC}") = "AB102_CustomException", "AB102_CustomException\AB102_CustomException.csproj", "{A2325896-746E-40D2-93A9-899257524AAF}"
EndProject
Global
	GlobalSection(SolutionConfigurationPlatforms) = preSolution
		Debug|Any CPU = Debug|Any CPU
		Release|Any CPU = Release|Any CPU
	EndGlobalSection
	GlobalSection(ProjectConfigurationPlatforms) = postSolution
		{A2325896-746E-40D2-93A9-899257524AAF}.Debug|Any CPU.ActiveCfg = Debug|Any CPU
		{A2325896-746E-40D2-93A9-899257524AAF}.Debug|Any CPU.Build.0 = Debug|Any CPU
		{A2325896-746E-40D2-93A9-899257524AAF}.Release|Any CPU.ActiveCfg = Release|Any CPU
		{A2325896-746E-40D2-93A9-899257524AAF}.Release|Any CPU.Build.0 = Release|Any CPU
	EndGlobalSection
	GlobalSection(SolutionProperties) = preSolution
		HideSolutionNode = FALSE
	EndGlobalSection
	GlobalSection(ExtensibilityGlobals) = postSolution
		SolutionGuid = {D6BB8856-575D-4E82-A889-0593B17FF5C8}
	EndGlobalSection
EndGlobal
